// !$*UTF8*$!
{
	archiveVersion = 1;
	classes = {
	};
	objectVersion = 46;
	objects = {

/* Begin PBXBuildFile section */
		3B7E7AF71EF7B87D00B8FBA9 /* main.m in Sources */ = {isa = PBXBuildFile; fileRef = 3B7E7AF61EF7B87D00B8FBA9 /* main.m */; };
		3B7E7AFA1EF7B87D00B8FBA9 /* AppDelegate.m in Sources */ = {isa = PBXBuildFile; fileRef = 3B7E7AF91EF7B87D00B8FBA9 /* AppDelegate.m */; };
		3B7E7AFD1EF7B87D00B8FBA9 /* ViewController.m in Sources */ = {isa = PBXBuildFile; fileRef = 3B7E7AFC1EF7B87D00B8FBA9 /* ViewController.m */; };
		3B7E7B001EF7B87D00B8FBA9 /* Main.storyboard in Resources */ = {isa = PBXBuildFile; fileRef = 3B7E7AFE1EF7B87D00B8FBA9 /* Main.storyboard */; };
		3B7E7B021EF7B87D00B8FBA9 /* Assets.xcassets in Resources */ = {isa = PBXBuildFile; fileRef = 3B7E7B011EF7B87D00B8FBA9 /* Assets.xcassets */; };
		3B7E7B051EF7B87D00B8FBA9 /* LaunchScreen.storyboard in Resources */ = {isa = PBXBuildFile; fileRef = 3B7E7B031EF7B87D00B8FBA9 /* LaunchScreen.storyboard */; };
		3B7E7B101EF7B87D00B8FBA9 /* CAEmitterLayerTests.m in Sources */ = {isa = PBXBuildFile; fileRef = 3B7E7B0F1EF7B87D00B8FBA9 /* CAEmitterLayerTests.m */; };
		3B7E7B1B1EF7B87D00B8FBA9 /* CAEmitterLayerUITests.m in Sources */ = {isa = PBXBuildFile; fileRef = 3B7E7B1A1EF7B87D00B8FBA9 /* CAEmitterLayerUITests.m */; };
		3B7E7B291EF7BBD700B8FBA9 /* 666.jpg in Resources */ = {isa = PBXBuildFile; fileRef = 3B7E7B281EF7BBD700B8FBA9 /* 666.jpg */; };
		3B7E7B2F1EF7D34900B8FBA9 /* snow.png in Resources */ = {isa = PBXBuildFile; fileRef = 3B7E7B2E1EF7D34900B8FBA9 /* snow.png */; };
		3B7E7B311EF7E3A300B8FBA9 /* rain.png in Resources */ = {isa = PBXBuildFile; fileRef = 3B7E7B301EF7E3A300B8FBA9 /* rain.png */; };
		3B7E7B331EF7E44B00B8FBA9 /* yushui.png in Resources */ = {isa = PBXBuildFile; fileRef = 3B7E7B321EF7E44B00B8FBA9 /* yushui.png */; };
		3B7E7B351EF7E4C500B8FBA9 /* yuhua.png in Resources */ = {isa = PBXBuildFile; fileRef = 3B7E7B341EF7E4C500B8FBA9 /* yuhua.png */; };
/* End PBXBuildFile section */

/* Begin PBXContainerItemProxy section */
		3B7E7B0C1EF7B87D00B8FBA9 /* PBXContainerItemProxy */ = {
			isa = PBXContainerItemProxy;
			containerPortal = 3B7E7AEA1EF7B87D00B8FBA9 /* Project object */;
			proxyType = 1;
			remoteGlobalIDString = 3B7E7AF11EF7B87D00B8FBA9;
			remoteInfo = CAEmitterLayer;
		};
		3B7E7B171EF7B87D00B8FBA9 /* PBXContainerItemProxy */ = {
			isa = PBXContainerItemProxy;
			containerPortal = 3B7E7AEA1EF7B87D00B8FBA9 /* Project object */;
			proxyType = 1;
			remoteGlobalIDString = 3B7E7AF11EF7B87D00B8FBA9;
			remoteInfo = CAEmitterLayer;
		};
/* End PBXContainerItemProxy section */

/* Begin PBXFileReference section */
		3B7E7AF21EF7B87D00B8FBA9 /* CAEmitterLayer.app */ = {isa = PBXFileReference; explicitFileType = wrapper.application; includeInIndex = 0; path = CAEmitterLayer.app; sourceTree = BUILT_PRODUCTS_DIR; };
		3B7E7AF61EF7B87D00B8FBA9 /* main.m */ = {isa = PBXFileReference; lastKnownFileType = sourcecode.c.objc; path = main.m; sourceTree = "<group>"; };
		3B7E7AF81EF7B87D00B8FBA9 /* AppDelegate.h */ = {isa = PBXFileReference; lastKnownFileType = sourcecode.c.h; path = AppDelegate.h; sourceTree = "<group>"; };
		3B7E7AF91EF7B87D00B8FBA9 /* AppDelegate.m */ = {isa = PBXFileReference; lastKnownFileType = sourcecode.c.objc; path = AppDelegate.m; sourceTree = "<group>"; };
		3B7E7AFB1EF7B87D00B8FBA9 /* ViewController.h */ = {isa = PBXFileReference; lastKnownFileType = sourcecode.c.h; path = ViewController.h; sourceTree = "<group>"; };
		3B7E7AFC1EF7B87D00B8FBA9 /* ViewController.m */ = {isa = PBXFileReference; lastKnownFileType = sourcecode.c.objc; path = ViewController.m; sourceTree = "<group>"; };
		3B7E7AFF1EF7B87D00B8FBA9 /* Base */ = {isa = PBXFileReference; lastKnownFileType = file.storyboard; name = Base; path = Base.lproj/Main.storyboard; sourceTree = "<group>"; };
		3B7E7B011EF7B87D00B8FBA9 /* Assets.xcassets */ = {isa = PBXFileReference; lastKnownFileType = folder.assetcatalog; path = Assets.xcassets; sourceTree = "<group>"; };
		3B7E7B041EF7B87D00B8FBA9 /* Base */ = {isa = PBXFileReference; lastKnownFileType = file.storyboard; name = Base; path = Base.lproj/LaunchScreen.storyboard; sourceTree = "<group>"; };
		3B7E7B061EF7B87D00B8FBA9 /* Info.plist */ = {isa = PBXFileReference; lastKnownFileType = text.plist.xml; path = Info.plist; sourceTree = "<group>"; };
		3B7E7B0B1EF7B87D00B8FBA9 /* CAEmitterLayerTests.xctest */ = {isa = PBXFileReference; explicitFileType = wrapper.cfbundle; includeInIndex = 0; path = CAEmitterLayerTests.xctest; sourceTree = BUILT_PRODUCTS_DIR; };
		3B7E7B0F1EF7B87D00B8FBA9 /* CAEmitterLayerTests.m */ = {isa = PBXFileReference; lastKnownFileType = sourcecode.c.objc; path = CAEmitterLayerTests.m; sourceTree = "<group>"; };
		3B7E7B111EF7B87D00B8FBA9 /* Info.plist */ = {isa = PBXFileReference; lastKnownFileType = text.plist.xml; path = Info.plist; sourceTree = "<group>"; };
		3B7E7B161EF7B87D00B8FBA9 /* CAEmitterLayerUITests.xctest */ = {isa = PBXFileReference; explicitFileType = wrapper.cfbundle; includeInIndex = 0; path = CAEmitterLayerUITests.xctest; sourceTree = BUILT_PRODUCTS_DIR; };
		3B7E7B1A1EF7B87D00B8FBA9 /* CAEmitterLayerUITests.m */ = {isa = PBXFileReference; lastKnownFileType = sourcecode.c.objc; path = CAEmitterLayerUITests.m; sourceTree = "<group>"; };
		3B7E7B1C1EF7B87D00B8FBA9 /* Info.plist */ = {isa = PBXFileReference; lastKnownFileType = text.plist.xml; path = Info.plist; sourceTree = "<group>"; };
		3B7E7B281EF7BBD700B8FBA9 /* 666.jpg */ = {isa = PBXFileReference; lastKnownFileType = image.jpeg; path = 666.jpg; sourceTree = "<group>"; };
		3B7E7B2E1EF7D34900B8FBA9 /* snow.png */ = {isa = PBXFileReference; lastKnownFileType = image.png; path = snow.png; sourceTree = "<group>"; };
		3B7E7B301EF7E3A300B8FBA9 /* rain.png */ = {isa = PBXFileReference; lastKnownFileType = image.png; path = rain.png; sourceTree = "<group>"; };
		3B7E7B321EF7E44B00B8FBA9 /* yushui.png */ = {isa = PBXFileReference; lastKnownFileType = image.png; path = yushui.png; sourceTree = "<group>"; };
		3B7E7B341EF7E4C500B8FBA9 /* yuhua.png */ = {isa = PBXFileReference; lastKnownFileType = image.png; path = yuhua.png; sourceTree = "<group>"; };
/* End PBXFileReference section */

/* Begin PBXFrameworksBuildPhase section */
		3B7E7AEF1EF7B87D00B8FBA9 /* Frameworks */ = {
			isa = PBXFrameworksBuildPhase;
			buildActionMask = 2147483647;
			files = (
			);
			runOnlyForDeploymentPostprocessing = 0;
		};
		3B7E7B081EF7B87D00B8FBA9 /* Frameworks */ = {
			isa = PBXFrameworksBuildPhase;
			buildActionMask = 2147483647;
			files = (
			);
			runOnlyForDeploymentPostprocessing = 0;
		};
		3B7E7B131EF7B87D00B8FBA9 /* Frameworks */ = {
			isa = PBXFrameworksBuildPhase;
			buildActionMask = 2147483647;
			files = (
			);
			runOnlyForDeploymentPostprocessing = 0;
		};
/* End PBXFrameworksBuildPhase section */

/* Begin PBXGroup section */
		3B7E7AE91EF7B87D00B8FBA9 = {
			isa = PBXGroup;
			children = (
				3B7E7AF41EF7B87D00B8FBA9 /* CAEmitterLayer */,
				3B7E7B0E1EF7B87D00B8FBA9 /* CAEmitterLayerTests */,
				3B7E7B191EF7B87D00B8FBA9 /* CAEmitterLayerUITests */,
				3B7E7AF31EF7B87D00B8FBA9 /* Products */,
			);
			sourceTree = "<group>";
		};
		3B7E7AF31EF7B87D00B8FBA9 /* Products */ = {
			isa = PBXGroup;
			children = (
				3B7E7AF21EF7B87D00B8FBA9 /* CAEmitterLayer.app */,
				3B7E7B0B1EF7B87D00B8FBA9 /* CAEmitterLayerTests.xctest */,
				3B7E7B161EF7B87D00B8FBA9 /* CAEmitterLayerUITests.xctest */,
			);
			name = Products;
			sourceTree = "<group>";
		};
		3B7E7AF41EF7B87D00B8FBA9 /* CAEmitterLayer */ = {
			isa = PBXGroup;
			children = (
				3B7E7B301EF7E3A300B8FBA9 /* rain.png */,
				3B7E7B321EF7E44B00B8FBA9 /* yushui.png */,
				3B7E7B341EF7E4C500B8FBA9 /* yuhua.png */,
				3B7E7B2E1EF7D34900B8FBA9 /* snow.png */,
				3B7E7B281EF7BBD700B8FBA9 /* 666.jpg */,
				3B7E7AF81EF7B87D00B8FBA9 /* AppDelegate.h */,
				3B7E7AF91EF7B87D00B8FBA9 /* AppDelegate.m */,
				3B7E7AFB1EF7B87D00B8FBA9 /* ViewController.h */,
				3B7E7AFC1EF7B87D00B8FBA9 /* ViewController.m */,
				3B7E7AFE1EF7B87D00B8FBA9 /* Main.storyboard */,
				3B7E7B011EF7B87D00B8FBA9 /* Assets.xcassets */,
				3B7E7B031EF7B87D00B8FBA9 /* LaunchScreen.storyboard */,
				3B7E7B061EF7B87D00B8FBA9 /* Info.plist */,
				3B7E7AF51EF7B87D00B8FBA9 /* Supporting Files */,
			);
			path = CAEmitterLayer;
			sourceTree = "<group>";
		};
		3B7E7AF51EF7B87D00B8FBA9 /* Supporting Files */ = {
			isa = PBXGroup;
			children = (
				3B7E7AF61EF7B87D00B8FBA9 /* main.m */,
			);
			name = "Supporting Files";
			sourceTree = "<group>";
		};
		3B7E7B0E1EF7B87D00B8FBA9 /* CAEmitterLayerTests */ = {
			isa = PBXGroup;
			children = (
				3B7E7B0F1EF7B87D00B8FBA9 /* CAEmitterLayerTests.m */,
				3B7E7B111EF7B87D00B8FBA9 /* Info.plist */,
			);
			path = CAEmitterLayerTests;
			sourceTree = "<group>";
		};
		3B7E7B191EF7B87D00B8FBA9 /* CAEmitterLayerUITests */ = {
			isa = PBXGroup;
			children = (
				3B7E7B1A1EF7B87D00B8FBA9 /* CAEmitterLayerUITests.m */,
				3B7E7B1C1EF7B87D00B8FBA9 /* Info.plist */,
			);
			path = CAEmitterLayerUITests;
			sourceTree = "<group>";
		};
/* End PBXGroup section */

/* Begin PBXNativeTarget section */
		3B7E7AF11EF7B87D00B8FBA9 /* CAEmitterLayer */ = {
			isa = PBXNativeTarget;
			buildConfigurationList = 3B7E7B1F1EF7B87D00B8FBA9 /* Build configuration list for PBXNativeTarget "CAEmitterLayer" */;
			buildPhases = (
				3B7E7AEE1EF7B87D00B8FBA9 /* Sources */,
				3B7E7AEF1EF7B87D00B8FBA9 /* Frameworks */,
				3B7E7AF01EF7B87D00B8FBA9 /* Resources */,
			);
			buildRules = (
			);
			dependencies = (
			);
			name = CAEmitterLayer;
			productName = CAEmitterLayer;
			productReference = 3B7E7AF21EF7B87D00B8FBA9 /* CAEmitterLayer.app */;
			productType = "com.apple.product-type.application";
		};
		3B7E7B0A1EF7B87D00B8FBA9 /* CAEmitterLayerTests */ = {
			isa = PBXNativeTarget;
			buildConfigurationList = 3B7E7B221EF7B87D00B8FBA9 /* Build configuration list for PBXNativeTarget "CAEmitterLayerTests" */;
			buildPhases = (
				3B7E7B071EF7B87D00B8FBA9 /* Sources */,
				3B7E7B081EF7B87D00B8FBA9 /* Frameworks */,
				3B7E7B091EF7B87D00B8FBA9 /* Resources */,
			);
			buildRules = (
			);
			dependencies = (
				3B7E7B0D1EF7B87D00B8FBA9 /* PBXTargetDependency */,
			);
			name = CAEmitterLayerTests;
			productName = CAEmitterLayerTests;
			productReference = 3B7E7B0B1EF7B87D00B8FBA9 /* CAEmitterLayerTests.xctest */;
			productType = "com.apple.product-type.bundle.unit-test";
		};
		3B7E7B151EF7B87D00B8FBA9 /* CAEmitterLayerUITests */ = {
			isa = PBXNativeTarget;
			buildConfigurationList = 3B7E7B251EF7B87D00B8FBA9 /* Build configuration list for PBXNativeTarget "CAEmitterLayerUITests" */;
			buildPhases = (
				3B7E7B121EF7B87D00B8FBA9 /* Sources */,
				3B7E7B131EF7B87D00B8FBA9 /* Frameworks */,
				3B7E7B141EF7B87D00B8FBA9 /* Resources */,
			);
			buildRules = (
			);
			dependencies = (
				3B7E7B181EF7B87D00B8FBA9 /* PBXTargetDependency */,
			);
			name = CAEmitterLayerUITests;
			productName = CAEmitterLayerUITests;
			productReference = 3B7E7B161EF7B87D00B8FBA9 /* CAEmitterLayerUITests.xctest */;
			productType = "com.apple.product-type.bundle.ui-testing";
		};
/* End PBXNativeTarget section */

/* Begin PBXProject section */
		3B7E7AEA1EF7B87D00B8FBA9 /* Project object */ = {
			isa = PBXProject;
			attributes = {
				LastUpgradeCheck = 0830;
				ORGANIZATIONNAME = wiki;
				TargetAttributes = {
					3B7E7AF11EF7B87D00B8FBA9 = {
						CreatedOnToolsVersion = 8.3.3;
						ProvisioningStyle = Automatic;
					};
					3B7E7B0A1EF7B87D00B8FBA9 = {
						CreatedOnToolsVersion = 8.3.3;
						ProvisioningStyle = Automatic;
						TestTargetID = 3B7E7AF11EF7B87D00B8FBA9;
					};
					3B7E7B151EF7B87D00B8FBA9 = {
						CreatedOnToolsVersion = 8.3.3;
						ProvisioningStyle = Automatic;
						TestTargetID = 3B7E7AF11EF7B87D00B8FBA9;
					};
				};
			};
			buildConfigurationList = 3B7E7AED1EF7B87D00B8FBA9 /* Build configuration list for PBXProject "CAEmitterLayer" */;
			compatibilityVersion = "Xcode 3.2";
			developmentRegion = English;
			hasScannedForEncodings = 0;
			knownRegions = (
				en,
				Base,
			);
			mainGroup = 3B7E7AE91EF7B87D00B8FBA9;
			productRefGroup = 3B7E7AF31EF7B87D00B8FBA9 /* Products */;
			projectDirPath = "";
			projectRoot = "";
			targets = (
				3B7E7AF11EF7B87D00B8FBA9 /* CAEmitterLayer */,
				3B7E7B0A1EF7B87D00B8FBA9 /* CAEmitterLayerTests */,
				3B7E7B151EF7B87D00B8FBA9 /* CAEmitterLayerUITests */,
			);
		};
/* End PBXProject section */

/* Begin PBXResourcesBuildPhase section */
		3B7E7AF01EF7B87D00B8FBA9 /* Resources */ = {
			isa = PBXResourcesBuildPhase;
			buildActionMask = 2147483647;
			files = (
				3B7E7B291EF7BBD700B8FBA9 /* 666.jpg in Resources */,
				3B7E7B331EF7E44B00B8FBA9 /* yushui.png in Resources */,
				3B7E7B2F1EF7D34900B8FBA9 /* snow.png in Resources */,
				3B7E7B051EF7B87D00B8FBA9 /* LaunchScreen.storyboard in Resources */,
				3B7E7B021EF7B87D00B8FBA9 /* Assets.xcassets in Resources */,
				3B7E7B351EF7E4C500B8FBA9 /* yuhua.png in Resources */,
				3B7E7B001EF7B87D00B8FBA9 /* Main.storyboard in Resources */,
				3B7E7B311EF7E3A300B8FBA9 /* rain.png in Resources */,
			);
			runOnlyForDeploymentPostprocessing = 0;
		};
		3B7E7B091EF7B87D00B8FBA9 /* Resources */ = {
			isa = PBXResourcesBuildPhase;
			buildActionMask = 2147483647;
			files = (
			);
			runOnlyForDeploymentPostprocessing = 0;
		};
		3B7E7B141EF7B87D00B8FBA9 /* Resources */ = {
			isa = PBXResourcesBuildPhase;
			buildActionMask = 2147483647;
			files = (
			);
			runOnlyForDeploymentPostprocessing = 0;
		};
/* End PBXResourcesBuildPhase section */

/* Begin PBXSourcesBuildPhase section */
		3B7E7AEE1EF7B87D00B8FBA9 /* Sources */ = {
			isa = PBXSourcesBuildPhase;
			buildActionMask = 2147483647;
			files = (
				3B7E7AFD1EF7B87D00B8FBA9 /* ViewController.m in Sources */,
				3B7E7AFA1EF7B87D00B8FBA9 /* AppDelegate.m in Sources */,
				3B7E7AF71EF7B87D00B8FBA9 /* main.m in Sources */,
			);
			runOnlyForDeploymentPostprocessing = 0;
		};
		3B7E7B071EF7B87D00B8FBA9 /* Sources */ = {
			isa = PBXSourcesBuildPhase;
			buildActionMask = 2147483647;
			files = (
				3B7E7B101EF7B87D00B8FBA9 /* CAEmitterLayerTests.m in Sources */,
			);
			runOnlyForDeploymentPostprocessing = 0;
		};
		3B7E7B121EF7B87D00B8FBA9 /* Sources */ = {
			isa = PBXSourcesBuildPhase;
			buildActionMask = 2147483647;
			files = (
				3B7E7B1B1EF7B87D00B8FBA9 /* CAEmitterLayerUITests.m in Sources */,
			);
			runOnlyForDeploymentPostprocessing = 0;
		};
/* End PBXSourcesBuildPhase section */

/* Begin PBXTargetDependency section */
		3B7E7B0D1EF7B87D00B8FBA9 /* PBXTargetDependency */ = {
			isa = PBXTargetDependency;
			target = 3B7E7AF11EF7B87D00B8FBA9 /* CAEmitterLayer */;
			targetProxy = 3B7E7B0C1EF7B87D00B8FBA9 /* PBXContainerItemProxy */;
		};
		3B7E7B181EF7B87D00B8FBA9 /* PBXTargetDependency */ = {
			isa = PBXTargetDependency;
			target = 3B7E7AF11EF7B87D00B8FBA9 /* CAEmitterLayer */;
			targetProxy = 3B7E7B171EF7B87D00B8FBA9 /* PBXContainerItemProxy */;
		};
/* End PBXTargetDependency section */

/* Begin PBXVariantGroup section */
		3B7E7AFE1EF7B87D00B8FBA9 /* Main.storyboard */ = {
			isa = PBXVariantGroup;
			children = (
				3B7E7AFF1EF7B87D00B8FBA9 /* Base */,
			);
			name = Main.storyboard;
			sourceTree = "<group>";
		};
		3B7E7B031EF7B87D00B8FBA9 /* LaunchScreen.storyboard */ = {
			isa = PBXVariantGroup;
			children = (
				3B7E7B041EF7B87D00B8FBA9 /* Base */,
			);
			name = LaunchScreen.storyboard;
			sourceTree = "<group>";
		};
/* End PBXVariantGroup section */

/* Begin XCBuildConfiguration section */
		3B7E7B1D1EF7B87D00B8FBA9 /* Debug */ = {
			isa = XCBuildConfiguration;
			buildSettings = {
				ALWAYS_SEARCH_USER_PATHS = NO;
				CLANG_ANALYZER_NONNULL = YES;
				CLANG_ANALYZER_NUMBER_OBJECT_CONVERSION = YES_AGGRESSIVE;
				CLANG_CXX_LANGUAGE_STANDARD = "gnu++0x";
				CLANG_CXX_LIBRARY = "libc++";
				CLANG_ENABLE_MODULES = YES;
				CLANG_ENABLE_OBJC_ARC = YES;
				CLANG_WARN_BOOL_CONVERSION = YES;
				CLANG_WARN_CONSTANT_CONVERSION = YES;
				CLANG_WARN_DIRECT_OBJC_ISA_USAGE = YES_ERROR;
				CLANG_WARN_DOCUMENTATION_COMMENTS = YES;
				CLANG_WARN_EMPTY_BODY = YES;
				CLANG_WARN_ENUM_CONVERSION = YES;
				CLANG_WARN_INFINITE_RECURSION = YES;
				CLANG_WARN_INT_CONVERSION = YES;
				CLANG_WARN_OBJC_ROOT_CLASS = YES_ERROR;
				CLANG_WARN_SUSPICIOUS_MOVE = YES;
				CLANG_WARN_UNREACHABLE_CODE = YES;
				CLANG_WARN__DUPLICATE_METHOD_MATCH = YES;
				"CODE_SIGN_IDENTITY[sdk=iphoneos*]" = "iPhone Developer";
				COPY_PHASE_STRIP = NO;
				DEBUG_INFORMATION_FORMAT = dwarf;
				ENABLE_STRICT_OBJC_MSGSEND = YES;
				ENABLE_TESTABILITY = YES;
				GCC_C_LANGUAGE_STANDARD = gnu99;
				GCC_DYNAMIC_NO_PIC = NO;
				GCC_NO_COMMON_BLOCKS = YES;
				GCC_OPTIMIZATION_LEVEL = 0;
				GCC_PREPROCESSOR_DEFINITIONS = (
					"DEBUG=1",
					"$(inherited)",
				);
				GCC_WARN_64_TO_32_BIT_CONVERSION = YES;
				GCC_WARN_ABOUT_RETURN_TYPE = YES_ERROR;
				GCC_WARN_UNDECLARED_SELECTOR = YES;
				GCC_WARN_UNINITIALIZED_AUTOS = YES_AGGRESSIVE;
				GCC_WARN_UNUSED_FUNCTION = YES;
				GCC_WARN_UNUSED_VARIABLE = YES;
				IPHONEOS_DEPLOYMENT_TARGET = 10.3;
				MTL_ENABLE_DEBUG_INFO = YES;
				ONLY_ACTIVE_ARCH = YES;
				SDKROOT = iphoneos;
				TARGETED_DEVICE_FAMILY = "1,2";
			};
			name = Debug;
		};
		3B7E7B1E1EF7B87D00B8FBA9 /* Release */ = {
			isa = XCBuildConfiguration;
			buildSettings = {
				ALWAYS_SEARCH_USER_PATHS = NO;
				CLANG_ANALYZER_NONNULL = YES;
				CLANG_ANALYZER_NUMBER_OBJECT_CONVERSION = YES_AGGRESSIVE;
				CLANG_CXX_LANGUAGE_STANDARD = "gnu++0x";
				CLANG_CXX_LIBRARY = "libc++";
				CLANG_ENABLE_MODULES = YES;
				CLANG_ENABLE_OBJC_ARC = YES;
				CLANG_WARN_BOOL_CONVERSION = YES;
				CLANG_WARN_CONSTANT_CONVERSION = YES;
				CLANG_WARN_DIRECT_OBJC_ISA_USAGE = YES_ERROR;
				CLANG_WARN_DOCUMENTATION_COMMENTS = YES;
				CLANG_WARN_EMPTY_BODY = YES;
				CLANG_WARN_ENUM_CONVERSION = YES;
				CLANG_WARN_INFINITE_RECURSION = YES;
				CLANG_WARN_INT_CONVERSION = YES;
				CLANG_WARN_OBJC_ROOT_CLASS = YES_ERROR;
				CLANG_WARN_SUSPICIOUS_MOVE = YES;
				CLANG_WARN_UNREACHABLE_CODE = YES;
				CLANG_WARN__DUPLICATE_METHOD_MATCH = YES;
				"CODE_SIGN_IDENTITY[sdk=iphoneos*]" = "iPhone Developer";
				COPY_PHASE_STRIP = NO;
				DEBUG_INFORMATION_FORMAT = "dwarf-with-dsym";
				ENABLE_NS_ASSERTIONS = NO;
				ENABLE_STRICT_OBJC_MSGSEND = YES;
				GCC_C_LANGUAGE_STANDARD = gnu99;
				GCC_NO_COMMON_BLOCKS = YES;
				GCC_WARN_64_TO_32_BIT_CONVERSION = YES;
				GCC_WARN_ABOUT_RETURN_TYPE = YES_ERROR;
				GCC_WARN_UNDECLARED_SELECTOR = YES;
				GCC_WARN_UNINITIALIZED_AUTOS = YES_AGGRESSIVE;
				GCC_WARN_UNUSED_FUNCTION = YES;
				GCC_WARN_UNUSED_VARIABLE = YES;
				IPHONEOS_DEPLOYMENT_TARGET = 10.3;
				MTL_ENABLE_DEBUG_INFO = NO;
				SDKROOT = iphoneos;
				TARGETED_DEVICE_FAMILY = "1,2";
				VALIDATE_PRODUCT = YES;
			};
			name = Release;
		};
		3B7E7B201EF7B87D00B8FBA9 /* Debug */ = {
			isa = XCBuildConfiguration;
			buildSettings = {
				ASSETCATALOG_COMPILER_APPICON_NAME = AppIcon;
				INFOPLIST_FILE = CAEmitterLayer/Info.plist;
				LD_RUNPATH_SEARCH_PATHS = "$(inherited) @executable_path/Frameworks";
				PRODUCT_BUNDLE_IDENTIFIER = cn.com.Album.CAEmitterLayer;
				PRODUCT_NAME = "$(TARGET_NAME)";
			};
			name = Debug;
		};
		3B7E7B211EF7B87D00B8FBA9 /* Release */ = {
			isa = XCBuildConfiguration;
			buildSettings = {
				ASSETCATALOG_COMPILER_APPICON_NAME = AppIcon;
				INFOPLIST_FILE = CAEmitterLayer/Info.plist;
				LD_RUNPATH_SEARCH_PATHS = "$(inherited) @executable_path/Frameworks";
				PRODUCT_BUNDLE_IDENTIFIER = cn.com.Album.CAEmitterLayer;
				PRODUCT_NAME = "$(TARGET_NAME)";
			};
			name = Release;
		};
		3B7E7B231EF7B87D00B8FBA9 /* Debug */ = {
			isa = XCBuildConfiguration;
			buildSettings = {
				BUNDLE_LOADER = "$(TEST_HOST)";
				INFOPLIST_FILE = CAEmitterLayerTests/Info.plist;
				LD_RUNPATH_SEARCH_PATHS = "$(inherited) @executable_path/Frameworks @loader_path/Frameworks";
				PRODUCT_BUNDLE_IDENTIFIER = cn.com.Album.CAEmitterLayerTests;
				PRODUCT_NAME = "$(TARGET_NAME)";
				TEST_HOST = "$(BUILT_PRODUCTS_DIR)/CAEmitterLayer.app/CAEmitterLayer";
			};
			name = Debug;
		};
		3B7E7B241EF7B87D00B8FBA9 /* Release */ = {
			isa = XCBuildConfiguration;
			buildSettings = {
				BUNDLE_LOADER = "$(TEST_HOST)";
				INFOPLIST_FILE = CAEmitterLayerTests/Info.plist;
				LD_RUNPATH_SEARCH_PATHS = "$(inherited) @executable_path/Frameworks @loader_path/Frameworks";
				PRODUCT_BUNDLE_IDENTIFIER = cn.com.Album.CAEmitterLayerTests;
				PRODUCT_NAME = "$(TARGET_NAME)";
				TEST_HOST = "$(BUILT_PRODUCTS_DIR)/CAEmitterLayer.app/CAEmitterLayer";
			};
			name = Release;
		};
		3B7E7B261EF7B87D00B8FBA9 /* Debug */ = {
			isa = XCBuildConfiguration;
			buildSettings = {
				INFOPLIST_FILE = CAEmitterLayerUITests/Info.plist;
				LD_RUNPATH_SEARCH_PATHS = "$(inherited) @executable_path/Frameworks @loader_path/Frameworks";
				PRODUCT_BUNDLE_IDENTIFIER = cn.com.Album.CAEmitterLayerUITests;
				PRODUCT_NAME = "$(TARGET_NAME)";
				TEST_TARGET_NAME = CAEmitterLayer;
			};
			name = Debug;
		};
		3B7E7B271EF7B87D00B8FBA9 /* Release */ = {
			isa = XCBuildConfiguration;
			buildSettings = {
				INFOPLIST_FILE = CAEmitterLayerUITests/Info.plist;
				LD_RUNPATH_SEARCH_PATHS = "$(inherited) @executable_path/Frameworks @loader_path/Frameworks";
				PRODUCT_BUNDLE_IDENTIFIER = cn.com.Album.CAEmitterLayerUITests;
				PRODUCT_NAME = "$(TARGET_NAME)";
				TEST_TARGET_NAME = CAEmitterLayer;
			};
			name = Release;
		};
/* End XCBuildConfiguration section */

/* Begin XCConfigurationList section */
		3B7E7AED1EF7B87D00B8FBA9 /* Build configuration list for PBXProject "CAEmitterLayer" */ = {
			isa = XCConfigurationList;
			buildConfigurations = (
				3B7E7B1D1EF7B87D00B8FBA9 /* Debug */,
				3B7E7B1E1EF7B87D00B8FBA9 /* Release */,
			);
			defaultConfigurationIsVisible = 0;
			defaultConfigurationName = Release;
		};
		3B7E7B1F1EF7B87D00B8FBA9 /* Build configuration list for PBXNativeTarget "CAEmitterLayer" */ = {
			isa = XCConfigurationList;
			buildConfigurations = (
				3B7E7B201EF7B87D00B8FBA9 /* Debug */,
				3B7E7B211EF7B87D00B8FBA9 /* Release */,
			);
			defaultConfigurationIsVisible = 0;
		};
		3B7E7B221EF7B87D00B8FBA9 /* Build configuration list for PBXNativeTarget "CAEmitterLayerTests" */ = {
			isa = XCConfigurationList;
			buildConfigurations = (
				3B7E7B231EF7B87D00B8FBA9 /* Debug */,
				3B7E7B241EF7B87D00B8FBA9 /* Release */,
			);
			defaultConfigurationIsVisible = 0;
		};
		3B7E7B251EF7B87D00B8FBA9 /* Build configuration list for PBXNativeTarget "CAEmitterLayerUITests" */ = {
			isa = XCConfigurationList;
			buildConfigurations = (
				3B7E7B261EF7B87D00B8FBA9 /* Debug */,
				3B7E7B271EF7B87D00B8FBA9 /* Release */,
			);
			defaultConfigurationIsVisible = 0;
		};
/* End XCConfigurationList section */
	};
	rootObject = 3B7E7AEA1EF7B87D00B8FBA9 /* Project object */;
}
